
Microsoft Visual Studio Solution File, Format Version 12.00
# Visual Studio Version 16
VisualStudioVersion = 25.0.1703.8
MinimumVisualStudioVersion = 10.0.40219.1
Project("{FAE04EC0-301F-11D3-BF4B-00C04F79EFBC}") = "rabat_na_loty2", "rabat_na_loty2.csproj", "{E19E5EBD-7650-411D-9B6A-9AEF982216B5}"
EndProject
Global
	GlobalSection(SolutionConfigurationPlatforms) = preSolution
		Debug|Any CPU = Debug|Any CPU
		Release|Any CPU = Release|Any CPU
	EndGlobalSection
	GlobalSection(ProjectConfigurationPlatforms) = postSolution
		{E19E5EBD-7650-411D-9B6A-9AEF982216B5}.Debug|Any CPU.ActiveCfg = Debug|Any CPU
		{E19E5EBD-7650-411D-9B6A-9AEF982216B5}.Debug|Any CPU.Build.0 = Debug|Any CPU
		{E19E5EBD-7650-411D-9B6A-9AEF982216B5}.Release|Any CPU.ActiveCfg = Release|Any CPU
		{E19E5EBD-7650-411D-9B6A-9AEF982216B5}.Release|Any CPU.Build.0 = Release|Any CPU
	EndGlobalSection
	GlobalSection(SolutionProperties) = preSolution
		HideSolutionNode = FALSE
	EndGlobalSection
	GlobalSection(ExtensibilityGlobals) = postSolution
		SolutionGuid = {ABF733D6-A6A9-4FD7-85D1-EFE449947D3B}
	EndGlobalSection
EndGlobal
