
Microsoft Visual Studio Solution File, Format Version 12.00
# Visual Studio Version 16
VisualStudioVersion = 25.0.1704.2
MinimumVisualStudioVersion = 10.0.40219.1
Project("{FAE04EC0-301F-11D3-BF4B-00C04F79EFBC}") = "prostokąt z kwiazdek", "prostokąt z kwiazdek.csproj", "{35B8EF3F-B0B0-4BDB-BF94-D551DDE20C63}"
EndProject
Global
	GlobalSection(SolutionConfigurationPlatforms) = preSolution
		Debug|Any CPU = Debug|Any CPU
		Release|Any CPU = Release|Any CPU
	EndGlobalSection
	GlobalSection(ProjectConfigurationPlatforms) = postSolution
		{35B8EF3F-B0B0-4BDB-BF94-D551DDE20C63}.Debug|Any CPU.ActiveCfg = Debug|Any CPU
		{35B8EF3F-B0B0-4BDB-BF94-D551DDE20C63}.Debug|Any CPU.Build.0 = Debug|Any CPU
		{35B8EF3F-B0B0-4BDB-BF94-D551DDE20C63}.Release|Any CPU.ActiveCfg = Release|Any CPU
		{35B8EF3F-B0B0-4BDB-BF94-D551DDE20C63}.Release|Any CPU.Build.0 = Release|Any CPU
	EndGlobalSection
	GlobalSection(SolutionProperties) = preSolution
		HideSolutionNode = FALSE
	EndGlobalSection
	GlobalSection(ExtensibilityGlobals) = postSolution
		SolutionGuid = {6785B00C-55C0-4885-AF36-4F212EDFC09C}
	EndGlobalSection
EndGlobal
