
Microsoft Visual Studio Solution File, Format Version 12.00
# Visual Studio Version 16
VisualStudioVersion = 25.0.1704.4
MinimumVisualStudioVersion = 10.0.40219.1
Project("{FAE04EC0-301F-11D3-BF4B-00C04F79EFBC}") = "prime generator SPOJ", "prime generator SPOJ.csproj", "{53E20727-B25F-4001-A2A5-A70BDB75C8C1}"
EndProject
Global
	GlobalSection(SolutionConfigurationPlatforms) = preSolution
		Debug|Any CPU = Debug|Any CPU
		Release|Any CPU = Release|Any CPU
	EndGlobalSection
	GlobalSection(ProjectConfigurationPlatforms) = postSolution
		{53E20727-B25F-4001-A2A5-A70BDB75C8C1}.Debug|Any CPU.ActiveCfg = Debug|Any CPU
		{53E20727-B25F-4001-A2A5-A70BDB75C8C1}.Debug|Any CPU.Build.0 = Debug|Any CPU
		{53E20727-B25F-4001-A2A5-A70BDB75C8C1}.Release|Any CPU.ActiveCfg = Release|Any CPU
		{53E20727-B25F-4001-A2A5-A70BDB75C8C1}.Release|Any CPU.Build.0 = Release|Any CPU
	EndGlobalSection
	GlobalSection(SolutionProperties) = preSolution
		HideSolutionNode = FALSE
	EndGlobalSection
	GlobalSection(ExtensibilityGlobals) = postSolution
		SolutionGuid = {D374F7E7-79B0-4256-9A6C-15871E10FABD}
	EndGlobalSection
EndGlobal
